lockfileVersion: '9.0'

settings:
  autoInstallPeers: true
  excludeLinksFromLockfile: false

importers:

  .:
    dependencies:
      '@hiogawa/utils':
        specifier: ^1.7.0
        version: 1.7.0
      react:
        specifier: rc
        version: 19.0.0-rc-14a4699f-20240725
      react-dom:
        specifier: rc
        version: 19.0.0-rc-14a4699f-20240725(react@19.0.0-rc-14a4699f-20240725)
    devDependencies:
      '@hiogawa/utils-node':
        specifier: ^0.0.2
        version: 0.0.2
      '@rsbuild/core':
        specifier: latest
        version: 1.0.1-beta.5
      '@rsbuild/plugin-react':
        specifier: latest
        version: 1.0.1-beta.5(@rsbuild/core@1.0.1-beta.5)
      '@types/node':
        specifier: ^20.14.12
        version: 20.14.12
      '@types/react':
        specifier: latest
        version: 18.3.3
      '@types/react-dom':
        specifier: latest
        version: 18.3.0
      esbuild:
        specifier: ^0.23.0
        version: 0.23.0
      vite:
        specifier: ^5.3.5
        version: 5.3.5(@types/node@20.14.12)

packages:

  '@esbuild/aix-ppc64@0.21.5':
    resolution: {integrity: sha512-1SDgH6ZSPTlggy1yI6+Dbkiz8xzpHJEVAlF/AM1tHPLsf5STom9rwtjE4hKAF20FfXXNTFqEYXyJNWh1GiZedQ==}
    engines: {node: '>=12'}
    cpu: [ppc64]
    os: [aix]

  '@esbuild/aix-ppc64@0.23.0':
    resolution: {integrity: sha512-3sG8Zwa5fMcA9bgqB8AfWPQ+HFke6uD3h1s3RIwUNK8EG7a4buxvuFTs3j1IMs2NXAk9F30C/FF4vxRgQCcmoQ==}
    engines: {node: '>=18'}
    cpu: [ppc64]
    os: [aix]

  '@esbuild/android-arm64@0.21.5':
    resolution: {integrity: sha512-c0uX9VAUBQ7dTDCjq+wdyGLowMdtR/GoC2U5IYk/7D1H1JYC0qseD7+11iMP2mRLN9RcCMRcjC4YMclCzGwS/A==}
    engines: {node: '>=12'}
    cpu: [arm64]
    os: [android]

  '@esbuild/android-arm64@0.23.0':
    resolution: {integrity: sha512-EuHFUYkAVfU4qBdyivULuu03FhJO4IJN9PGuABGrFy4vUuzk91P2d+npxHcFdpUnfYKy0PuV+n6bKIpHOB3prQ==}
    engines: {node: '>=18'}
    cpu: [arm64]
    os: [android]

  '@esbuild/android-arm@0.21.5':
    resolution: {integrity: sha512-vCPvzSjpPHEi1siZdlvAlsPxXl7WbOVUBBAowWug4rJHb68Ox8KualB+1ocNvT5fjv6wpkX6o/iEpbDrf68zcg==}
    engines: {node: '>=12'}
    cpu: [arm]
    os: [android]

  '@esbuild/android-arm@0.23.0':
    resolution: {integrity: sha512-+KuOHTKKyIKgEEqKbGTK8W7mPp+hKinbMBeEnNzjJGyFcWsfrXjSTNluJHCY1RqhxFurdD8uNXQDei7qDlR6+g==}
    engines: {node: '>=18'}
    cpu: [arm]
    os: [android]

  '@esbuild/android-x64@0.21.5':
    resolution: {integrity: sha512-D7aPRUUNHRBwHxzxRvp856rjUHRFW1SdQATKXH2hqA0kAZb1hKmi02OpYRacl0TxIGz/ZmXWlbZgjwWYaCakTA==}
    engines: {node: '>=12'}
    cpu: [x64]
    os: [android]

  '@esbuild/android-x64@0.23.0':
    resolution: {integrity: sha512-WRrmKidLoKDl56LsbBMhzTTBxrsVwTKdNbKDalbEZr0tcsBgCLbEtoNthOW6PX942YiYq8HzEnb4yWQMLQuipQ==}
    engines: {node: '>=18'}
    cpu: [x64]
    os: [android]

  '@esbuild/darwin-arm64@0.21.5':
    resolution: {integrity: sha512-DwqXqZyuk5AiWWf3UfLiRDJ5EDd49zg6O9wclZ7kUMv2WRFr4HKjXp/5t8JZ11QbQfUS6/cRCKGwYhtNAY88kQ==}
    engines: {node: '>=12'}
    cpu: [arm64]
    os: [darwin]

  '@esbuild/darwin-arm64@0.23.0':
    resolution: {integrity: sha512-YLntie/IdS31H54Ogdn+v50NuoWF5BDkEUFpiOChVa9UnKpftgwzZRrI4J132ETIi+D8n6xh9IviFV3eXdxfow==}
    engines: {node: '>=18'}
    cpu: [arm64]
    os: [darwin]

  '@esbuild/darwin-x64@0.21.5':
    resolution: {integrity: sha512-se/JjF8NlmKVG4kNIuyWMV/22ZaerB+qaSi5MdrXtd6R08kvs2qCN4C09miupktDitvh8jRFflwGFBQcxZRjbw==}
    engines: {node: '>=12'}
    cpu: [x64]
    os: [darwin]

  '@esbuild/darwin-x64@0.23.0':
    resolution: {integrity: sha512-IMQ6eme4AfznElesHUPDZ+teuGwoRmVuuixu7sv92ZkdQcPbsNHzutd+rAfaBKo8YK3IrBEi9SLLKWJdEvJniQ==}
    engines: {node: '>=18'}
    cpu: [x64]
    os: [darwin]

  '@esbuild/freebsd-arm64@0.21.5':
    resolution: {integrity: sha512-5JcRxxRDUJLX8JXp/wcBCy3pENnCgBR9bN6JsY4OmhfUtIHe3ZW0mawA7+RDAcMLrMIZaf03NlQiX9DGyB8h4g==}
    engines: {node: '>=12'}
    cpu: [arm64]
    os: [freebsd]

  '@esbuild/freebsd-arm64@0.23.0':
    resolution: {integrity: sha512-0muYWCng5vqaxobq6LB3YNtevDFSAZGlgtLoAc81PjUfiFz36n4KMpwhtAd4he8ToSI3TGyuhyx5xmiWNYZFyw==}
    engines: {node: '>=18'}
    cpu: [arm64]
    os: [freebsd]

  '@esbuild/freebsd-x64@0.21.5':
    resolution: {integrity: sha512-J95kNBj1zkbMXtHVH29bBriQygMXqoVQOQYA+ISs0/2l3T9/kj42ow2mpqerRBxDJnmkUDCaQT/dfNXWX/ZZCQ==}
    engines: {node: '>=12'}
    cpu: [x64]
    os: [freebsd]

  '@esbuild/freebsd-x64@0.23.0':
    resolution: {integrity: sha512-XKDVu8IsD0/q3foBzsXGt/KjD/yTKBCIwOHE1XwiXmrRwrX6Hbnd5Eqn/WvDekddK21tfszBSrE/WMaZh+1buQ==}
    engines: {node: '>=18'}
    cpu: [x64]
    os: [freebsd]

  '@esbuild/linux-arm64@0.21.5':
    resolution: {integrity: sha512-ibKvmyYzKsBeX8d8I7MH/TMfWDXBF3db4qM6sy+7re0YXya+K1cem3on9XgdT2EQGMu4hQyZhan7TeQ8XkGp4Q==}
    engines: {node: '>=12'}
    cpu: [arm64]
    os: [linux]

  '@esbuild/linux-arm64@0.23.0':
    resolution: {integrity: sha512-j1t5iG8jE7BhonbsEg5d9qOYcVZv/Rv6tghaXM/Ug9xahM0nX/H2gfu6X6z11QRTMT6+aywOMA8TDkhPo8aCGw==}
    engines: {node: '>=18'}
    cpu: [arm64]
    os: [linux]

  '@esbuild/linux-arm@0.21.5':
    resolution: {integrity: sha512-bPb5AHZtbeNGjCKVZ9UGqGwo8EUu4cLq68E95A53KlxAPRmUyYv2D6F0uUI65XisGOL1hBP5mTronbgo+0bFcA==}
    engines: {node: '>=12'}
    cpu: [arm]
    os: [linux]

  '@esbuild/linux-arm@0.23.0':
    resolution: {integrity: sha512-SEELSTEtOFu5LPykzA395Mc+54RMg1EUgXP+iw2SJ72+ooMwVsgfuwXo5Fn0wXNgWZsTVHwY2cg4Vi/bOD88qw==}
    engines: {node: '>=18'}
    cpu: [arm]
    os: [linux]

  '@esbuild/linux-ia32@0.21.5':
    resolution: {integrity: sha512-YvjXDqLRqPDl2dvRODYmmhz4rPeVKYvppfGYKSNGdyZkA01046pLWyRKKI3ax8fbJoK5QbxblURkwK/MWY18Tg==}
    engines: {node: '>=12'}
    cpu: [ia32]
    os: [linux]

  '@esbuild/linux-ia32@0.23.0':
    resolution: {integrity: sha512-P7O5Tkh2NbgIm2R6x1zGJJsnacDzTFcRWZyTTMgFdVit6E98LTxO+v8LCCLWRvPrjdzXHx9FEOA8oAZPyApWUA==}
    engines: {node: '>=18'}
    cpu: [ia32]
    os: [linux]

  '@esbuild/linux-loong64@0.21.5':
    resolution: {integrity: sha512-uHf1BmMG8qEvzdrzAqg2SIG/02+4/DHB6a9Kbya0XDvwDEKCoC8ZRWI5JJvNdUjtciBGFQ5PuBlpEOXQj+JQSg==}
    engines: {node: '>=12'}
    cpu: [loong64]
    os: [linux]

  '@esbuild/linux-loong64@0.23.0':
    resolution: {integrity: sha512-InQwepswq6urikQiIC/kkx412fqUZudBO4SYKu0N+tGhXRWUqAx+Q+341tFV6QdBifpjYgUndV1hhMq3WeJi7A==}
    engines: {node: '>=18'}
    cpu: [loong64]
    os: [linux]

  '@esbuild/linux-mips64el@0.21.5':
    resolution: {integrity: sha512-IajOmO+KJK23bj52dFSNCMsz1QP1DqM6cwLUv3W1QwyxkyIWecfafnI555fvSGqEKwjMXVLokcV5ygHW5b3Jbg==}
    engines: {node: '>=12'}
    cpu: [mips64el]
    os: [linux]

  '@esbuild/linux-mips64el@0.23.0':
    resolution: {integrity: sha512-J9rflLtqdYrxHv2FqXE2i1ELgNjT+JFURt/uDMoPQLcjWQA5wDKgQA4t/dTqGa88ZVECKaD0TctwsUfHbVoi4w==}
    engines: {node: '>=18'}
    cpu: [mips64el]
    os: [linux]

  '@esbuild/linux-ppc64@0.21.5':
    resolution: {integrity: sha512-1hHV/Z4OEfMwpLO8rp7CvlhBDnjsC3CttJXIhBi+5Aj5r+MBvy4egg7wCbe//hSsT+RvDAG7s81tAvpL2XAE4w==}
    engines: {node: '>=12'}
    cpu: [ppc64]
    os: [linux]

  '@esbuild/linux-ppc64@0.23.0':
    resolution: {integrity: sha512-cShCXtEOVc5GxU0fM+dsFD10qZ5UpcQ8AM22bYj0u/yaAykWnqXJDpd77ublcX6vdDsWLuweeuSNZk4yUxZwtw==}
    engines: {node: '>=18'}
    cpu: [ppc64]
    os: [linux]

  '@esbuild/linux-riscv64@0.21.5':
    resolution: {integrity: sha512-2HdXDMd9GMgTGrPWnJzP2ALSokE/0O5HhTUvWIbD3YdjME8JwvSCnNGBnTThKGEB91OZhzrJ4qIIxk/SBmyDDA==}
    engines: {node: '>=12'}
    cpu: [riscv64]
    os: [linux]

  '@esbuild/linux-riscv64@0.23.0':
    resolution: {integrity: sha512-HEtaN7Y5UB4tZPeQmgz/UhzoEyYftbMXrBCUjINGjh3uil+rB/QzzpMshz3cNUxqXN7Vr93zzVtpIDL99t9aRw==}
    engines: {node: '>=18'}
    cpu: [riscv64]
    os: [linux]

  '@esbuild/linux-s390x@0.21.5':
    resolution: {integrity: sha512-zus5sxzqBJD3eXxwvjN1yQkRepANgxE9lgOW2qLnmr8ikMTphkjgXu1HR01K4FJg8h1kEEDAqDcZQtbrRnB41A==}
    engines: {node: '>=12'}
    cpu: [s390x]
    os: [linux]

  '@esbuild/linux-s390x@0.23.0':
    resolution: {integrity: sha512-WDi3+NVAuyjg/Wxi+o5KPqRbZY0QhI9TjrEEm+8dmpY9Xir8+HE/HNx2JoLckhKbFopW0RdO2D72w8trZOV+Wg==}
    engines: {node: '>=18'}
    cpu: [s390x]
    os: [linux]

  '@esbuild/linux-x64@0.21.5':
    resolution: {integrity: sha512-1rYdTpyv03iycF1+BhzrzQJCdOuAOtaqHTWJZCWvijKD2N5Xu0TtVC8/+1faWqcP9iBCWOmjmhoH94dH82BxPQ==}
    engines: {node: '>=12'}
    cpu: [x64]
    os: [linux]

  '@esbuild/linux-x64@0.23.0':
    resolution: {integrity: sha512-a3pMQhUEJkITgAw6e0bWA+F+vFtCciMjW/LPtoj99MhVt+Mfb6bbL9hu2wmTZgNd994qTAEw+U/r6k3qHWWaOQ==}
    engines: {node: '>=18'}
    cpu: [x64]
    os: [linux]

  '@esbuild/netbsd-x64@0.21.5':
    resolution: {integrity: sha512-Woi2MXzXjMULccIwMnLciyZH4nCIMpWQAs049KEeMvOcNADVxo0UBIQPfSmxB3CWKedngg7sWZdLvLczpe0tLg==}
    engines: {node: '>=12'}
    cpu: [x64]
    os: [netbsd]

  '@esbuild/netbsd-x64@0.23.0':
    resolution: {integrity: sha512-cRK+YDem7lFTs2Q5nEv/HHc4LnrfBCbH5+JHu6wm2eP+d8OZNoSMYgPZJq78vqQ9g+9+nMuIsAO7skzphRXHyw==}
    engines: {node: '>=18'}
    cpu: [x64]
    os: [netbsd]

  '@esbuild/openbsd-arm64@0.23.0':
    resolution: {integrity: sha512-suXjq53gERueVWu0OKxzWqk7NxiUWSUlrxoZK7usiF50C6ipColGR5qie2496iKGYNLhDZkPxBI3erbnYkU0rQ==}
    engines: {node: '>=18'}
    cpu: [arm64]
    os: [openbsd]

  '@esbuild/openbsd-x64@0.21.5':
    resolution: {integrity: sha512-HLNNw99xsvx12lFBUwoT8EVCsSvRNDVxNpjZ7bPn947b8gJPzeHWyNVhFsaerc0n3TsbOINvRP2byTZ5LKezow==}
    engines: {node: '>=12'}
    cpu: [x64]
    os: [openbsd]

  '@esbuild/openbsd-x64@0.23.0':
    resolution: {integrity: sha512-6p3nHpby0DM/v15IFKMjAaayFhqnXV52aEmv1whZHX56pdkK+MEaLoQWj+H42ssFarP1PcomVhbsR4pkz09qBg==}
    engines: {node: '>=18'}
    cpu: [x64]
    os: [openbsd]

  '@esbuild/sunos-x64@0.21.5':
    resolution: {integrity: sha512-6+gjmFpfy0BHU5Tpptkuh8+uw3mnrvgs+dSPQXQOv3ekbordwnzTVEb4qnIvQcYXq6gzkyTnoZ9dZG+D4garKg==}
    engines: {node: '>=12'}
    cpu: [x64]
    os: [sunos]

  '@esbuild/sunos-x64@0.23.0':
    resolution: {integrity: sha512-BFelBGfrBwk6LVrmFzCq1u1dZbG4zy/Kp93w2+y83Q5UGYF1d8sCzeLI9NXjKyujjBBniQa8R8PzLFAUrSM9OA==}
    engines: {node: '>=18'}
    cpu: [x64]
    os: [sunos]

  '@esbuild/win32-arm64@0.21.5':
    resolution: {integrity: sha512-Z0gOTd75VvXqyq7nsl93zwahcTROgqvuAcYDUr+vOv8uHhNSKROyU961kgtCD1e95IqPKSQKH7tBTslnS3tA8A==}
    engines: {node: '>=12'}
    cpu: [arm64]
    os: [win32]

  '@esbuild/win32-arm64@0.23.0':
    resolution: {integrity: sha512-lY6AC8p4Cnb7xYHuIxQ6iYPe6MfO2CC43XXKo9nBXDb35krYt7KGhQnOkRGar5psxYkircpCqfbNDB4uJbS2jQ==}
    engines: {node: '>=18'}
    cpu: [arm64]
    os: [win32]

  '@esbuild/win32-ia32@0.21.5':
    resolution: {integrity: sha512-SWXFF1CL2RVNMaVs+BBClwtfZSvDgtL//G/smwAc5oVK/UPu2Gu9tIaRgFmYFFKrmg3SyAjSrElf0TiJ1v8fYA==}
    engines: {node: '>=12'}
    cpu: [ia32]
    os: [win32]

  '@esbuild/win32-ia32@0.23.0':
    resolution: {integrity: sha512-7L1bHlOTcO4ByvI7OXVI5pNN6HSu6pUQq9yodga8izeuB1KcT2UkHaH6118QJwopExPn0rMHIseCTx1CRo/uNA==}
    engines: {node: '>=18'}
    cpu: [ia32]
    os: [win32]

  '@esbuild/win32-x64@0.21.5':
    resolution: {integrity: sha512-tQd/1efJuzPC6rCFwEvLtci/xNFcTZknmXs98FYDfGE4wP9ClFV98nyKrzJKVPMhdDnjzLhdUyMX4PsQAPjwIw==}
    engines: {node: '>=12'}
    cpu: [x64]
    os: [win32]

  '@esbuild/win32-x64@0.23.0':
    resolution: {integrity: sha512-Arm+WgUFLUATuoxCJcahGuk6Yj9Pzxd6l11Zb/2aAuv5kWWvvfhLFo2fni4uSK5vzlUdCGZ/BdV5tH8klj8p8g==}
    engines: {node: '>=18'}
    cpu: [x64]
    os: [win32]

  '@hiogawa/utils-node@0.0.2':
    resolution: {integrity: sha512-qT44AXLtRNwxkPR/3teLjurW5kgeXOAp+/zzHCeQs9Pl88jKwpjm4+gcE2OqFChM0lpZyodVN3llw7stXwLmvQ==}

  '@hiogawa/utils@1.7.0':
    resolution: {integrity: sha512-ghiEFWBR1NENoHn+lSuW7liicTIzVPN+8Srm5UedCTw43gus0mlse6Wp2lz6GmbOXJ/CalMPp/0Tz2X8tajkAg==}

  '@module-federation/runtime-tools@0.2.3':
    resolution: {integrity: sha512-capN8CVTCEqNAjnl102girrkevczoQfnQYyiYC4WuyKsg7+LUqfirIe1Eiyv6VSE2UgvOTZDnqvervA6rBOlmg==}

  '@module-federation/runtime@0.2.3':
    resolution: {integrity: sha512-N+ZxBUb1mkmfO9XT1BwgYQgShtUTlijHbukqQ4afFka5lRAT+ayC7RKfHJLz0HbuexKPCmPBDfdmCnErR5WyTQ==}

  '@module-federation/sdk@0.2.3':
    resolution: {integrity: sha512-W9zrPchLocyCBc/B8CW21akcfJXLl++9xBe1L1EtgxZGfj/xwHt0GcBWE/y+QGvYTL2a1iZjwscbftbUhxgxXg==}

  '@module-federation/webpack-bundler-runtime@0.2.3':
    resolution: {integrity: sha512-L/jt2uJ+8dwYiyn9GxryzDR6tr/Wk8rpgvelM2EBeLIhu7YxCHSmSjQYhw3BTux9zZIr47d1K9fGjBFsVRd/SQ==}

  '@rollup/rollup-android-arm-eabi@4.19.0':
    resolution: {integrity: sha512-JlPfZ/C7yn5S5p0yKk7uhHTTnFlvTgLetl2VxqE518QgyM7C9bSfFTYvB/Q/ftkq0RIPY4ySxTz+/wKJ/dXC0w==}
    cpu: [arm]
    os: [android]

  '@rollup/rollup-android-arm64@4.19.0':
    resolution: {integrity: sha512-RDxUSY8D1tWYfn00DDi5myxKgOk6RvWPxhmWexcICt/MEC6yEMr4HNCu1sXXYLw8iAsg0D44NuU+qNq7zVWCrw==}
    cpu: [arm64]
    os: [android]

  '@rollup/rollup-darwin-arm64@4.19.0':
    resolution: {integrity: sha512-emvKHL4B15x6nlNTBMtIaC9tLPRpeA5jMvRLXVbl/W9Ie7HhkrE7KQjvgS9uxgatL1HmHWDXk5TTS4IaNJxbAA==}
    cpu: [arm64]
    os: [darwin]

  '@rollup/rollup-darwin-x64@4.19.0':
    resolution: {integrity: sha512-fO28cWA1dC57qCd+D0rfLC4VPbh6EOJXrreBmFLWPGI9dpMlER2YwSPZzSGfq11XgcEpPukPTfEVFtw2q2nYJg==}
    cpu: [x64]
    os: [darwin]

  '@rollup/rollup-linux-arm-gnueabihf@4.19.0':
    resolution: {integrity: sha512-2Rn36Ubxdv32NUcfm0wB1tgKqkQuft00PtM23VqLuCUR4N5jcNWDoV5iBC9jeGdgS38WK66ElncprqgMUOyomw==}
    cpu: [arm]
    os: [linux]

  '@rollup/rollup-linux-arm-musleabihf@4.19.0':
    resolution: {integrity: sha512-gJuzIVdq/X1ZA2bHeCGCISe0VWqCoNT8BvkQ+BfsixXwTOndhtLUpOg0A1Fcx/+eA6ei6rMBzlOz4JzmiDw7JQ==}
    cpu: [arm]
    os: [linux]

  '@rollup/rollup-linux-arm64-gnu@4.19.0':
    resolution: {integrity: sha512-0EkX2HYPkSADo9cfeGFoQ7R0/wTKb7q6DdwI4Yn/ULFE1wuRRCHybxpl2goQrx4c/yzK3I8OlgtBu4xvted0ug==}
    cpu: [arm64]
    os: [linux]

  '@rollup/rollup-linux-arm64-musl@4.19.0':
    resolution: {integrity: sha512-GlIQRj9px52ISomIOEUq/IojLZqzkvRpdP3cLgIE1wUWaiU5Takwlzpz002q0Nxxr1y2ZgxC2obWxjr13lvxNQ==}
    cpu: [arm64]
    os: [linux]

  '@rollup/rollup-linux-powerpc64le-gnu@4.19.0':
    resolution: {integrity: sha512-N6cFJzssruDLUOKfEKeovCKiHcdwVYOT1Hs6dovDQ61+Y9n3Ek4zXvtghPPelt6U0AH4aDGnDLb83uiJMkWYzQ==}
    cpu: [ppc64]
    os: [linux]

  '@rollup/rollup-linux-riscv64-gnu@4.19.0':
    resolution: {integrity: sha512-2DnD3mkS2uuam/alF+I7M84koGwvn3ZVD7uG+LEWpyzo/bq8+kKnus2EVCkcvh6PlNB8QPNFOz6fWd5N8o1CYg==}
    cpu: [riscv64]
    os: [linux]

  '@rollup/rollup-linux-s390x-gnu@4.19.0':
    resolution: {integrity: sha512-D6pkaF7OpE7lzlTOFCB2m3Ngzu2ykw40Nka9WmKGUOTS3xcIieHe82slQlNq69sVB04ch73thKYIWz/Ian8DUA==}
    cpu: [s390x]
    os: [linux]

  '@rollup/rollup-linux-x64-gnu@4.19.0':
    resolution: {integrity: sha512-HBndjQLP8OsdJNSxpNIN0einbDmRFg9+UQeZV1eiYupIRuZsDEoeGU43NQsS34Pp166DtwQOnpcbV/zQxM+rWA==}
    cpu: [x64]
    os: [linux]

  '@rollup/rollup-linux-x64-musl@4.19.0':
    resolution: {integrity: sha512-HxfbvfCKJe/RMYJJn0a12eiOI9OOtAUF4G6ozrFUK95BNyoJaSiBjIOHjZskTUffUrB84IPKkFG9H9nEvJGW6A==}
    cpu: [x64]
    os: [linux]

  '@rollup/rollup-win32-arm64-msvc@4.19.0':
    resolution: {integrity: sha512-HxDMKIhmcguGTiP5TsLNolwBUK3nGGUEoV/BO9ldUBoMLBssvh4J0X8pf11i1fTV7WShWItB1bKAKjX4RQeYmg==}
    cpu: [arm64]
    os: [win32]

  '@rollup/rollup-win32-ia32-msvc@4.19.0':
    resolution: {integrity: sha512-xItlIAZZaiG/u0wooGzRsx11rokP4qyc/79LkAOdznGRAbOFc+SfEdfUOszG1odsHNgwippUJavag/+W/Etc6Q==}
    cpu: [ia32]
    os: [win32]

  '@rollup/rollup-win32-x64-msvc@4.19.0':
    resolution: {integrity: sha512-xNo5fV5ycvCCKqiZcpB65VMR11NJB+StnxHz20jdqRAktfdfzhgjTiJ2doTDQE/7dqGaV5I7ZGqKpgph6lCIag==}
    cpu: [x64]
    os: [win32]

  '@rsbuild/core@1.0.1-beta.5':
    resolution: {integrity: sha512-tFRGp3GLVTcrj6QIL8cr951eg5G+UgfZYcIIxsgxWzQVVOlFDToVbGCo+RQ9yBQGTFOltxnIj6cMSiIqBksC9g==}
    engines: {node: '>=16.7.0'}
    hasBin: true

  '@rsbuild/plugin-react@1.0.1-beta.5':
    resolution: {integrity: sha512-ASzP2ZbCyqTDhC9cm1bYcHlG6XoZlcaxl+v/sm/QvnQHyIWvDxQUekPfArXSj6igxVi2/FumUi9p06HP90gyNw==}
    peerDependencies:
      '@rsbuild/core': ^1.0.1-beta.0

  '@rspack/binding-darwin-arm64@1.0.0-alpha.5':
    resolution: {integrity: sha512-ogpsxEjqwsn4aeeS0wyUnxuH8yXKTa2+BfxM7aSQILq4MNUVH0MqZ9dn0HAaGfQ3hdUhIqE3Gld6spdQCrgtHQ==}
    cpu: [arm64]
    os: [darwin]

  '@rspack/binding-darwin-x64@1.0.0-alpha.5':
    resolution: {integrity: sha512-fcMVZJQVo9zJ+7YEqkMms+FlAkMOxTfI98sS+XxKC2M/UWDKdMdl7nyhobH+eEhH/eP0Yww6ikEWqF9r3MUsew==}
    cpu: [x64]
    os: [darwin]

  '@rspack/binding-linux-arm64-gnu@1.0.0-alpha.5':
    resolution: {integrity: sha512-UZC2TScOVWVqICiinGWSYdYPAYcn8F/2L+8sbA6NAwSZo0mzH+LaRr6nZRdW2z7y+lELVDQG8UniMxXjoXjVjg==}
    cpu: [arm64]
    os: [linux]

  '@rspack/binding-linux-arm64-musl@1.0.0-alpha.5':
    resolution: {integrity: sha512-uvrqKqNmj60eCze5ZLxod3nFyDBtDz+OeoSO3T5GU9VRv8XKtd4xJbmm4Nz3A14GOWWfGgGr1cYwQBIGBZActA==}
    cpu: [arm64]
    os: [linux]

  '@rspack/binding-linux-x64-gnu@1.0.0-alpha.5':
    resolution: {integrity: sha512-7P5EnCsQmbLrYnCXJ1P8NF7/FCOpvOHaoNlReDZnut2HRppsUJXMnH3lQucq/sdS3djZ4RdG3sBMcTA3OEALwg==}
    cpu: [x64]
    os: [linux]

  '@rspack/binding-linux-x64-musl@1.0.0-alpha.5':
    resolution: {integrity: sha512-RGj1cZLURjY8RG+t8qG2OB9ruqKQvM0M+JMhwhel57CYW9Ge9zZY+ReEhrdtYjW32KxVvuqtt2e7RhhKibK75w==}
    cpu: [x64]
    os: [linux]

  '@rspack/binding-win32-arm64-msvc@1.0.0-alpha.5':
    resolution: {integrity: sha512-7u/LLEcDcBS5slSsAS9h23sTJNbJ+TUMy7GR91X7ySkqJ0VIR6tzml7+JqFxdPcBGXSszonGbcUupYy3nVzLCQ==}
    cpu: [arm64]
    os: [win32]

  '@rspack/binding-win32-ia32-msvc@1.0.0-alpha.5':
    resolution: {integrity: sha512-HpP7Ptekbv/rQgV253UY+DXSIULINv49JbTBKB2PeBn9ra+Ec4vKPKlQtqIfoPStXEGSmA727nqFQ+VE581P4A==}
    cpu: [ia32]
    os: [win32]

  '@rspack/binding-win32-x64-msvc@1.0.0-alpha.5':
    resolution: {integrity: sha512-t04ipYUTzigLtl6z7R78ytrAlK/oJWAwDUEVblyTtyJ/RwKfREUcS/8dkMx431Ia4Y0Icz6AVNf4avbYCoREyQ==}
    cpu: [x64]
    os: [win32]

  '@rspack/binding@1.0.0-alpha.5':
    resolution: {integrity: sha512-CTrYz0Kgv+3k0sBXbY/MruciFVr2Qd+r3r/VEAVT4N0qhKporsubs1J49vLU2VXun1PBfZ3+3sBknjo5AlA0vw==}

  '@rspack/core@1.0.0-alpha.5':
    resolution: {integrity: sha512-3nddnCqwnz91KprvMlqBDURYJ1GkT5IqCl+os05i2ce4Vk3zQmzvv8d/X8l/49CrDCOLrwyyuS3bKwca8aWdcg==}
    engines: {node: '>=16.0.0'}
    peerDependencies:
      '@swc/helpers': '>=0.5.1'
    peerDependenciesMeta:
      '@swc/helpers':
        optional: true

  '@rspack/lite-tapable@1.0.0-alpha.5':
    resolution: {integrity: sha512-B1fNL3en1ohK+QybgjM45PpqcmAmr2LTRUhGvarwouNcj845vjq5clYPqUfFVC0goLmsqx+pt7r+TvpP0Yk67A==}
    engines: {node: '>=16.0.0'}

  '@rspack/plugin-react-refresh@1.0.0-alpha.5':
    resolution: {integrity: sha512-qyTYh1CsHQOjh6hxKIpiWgH18uwNj4+renv5U5nDIHixz7b8f96PYIP+Ptc9BnNklkc4BivF2RHpSNTsYeZ3fQ==}
    peerDependencies:
      react-refresh: '>=0.10.0 <1.0.0'
    peerDependenciesMeta:
      react-refresh:
        optional: true

  '@swc/helpers@0.5.11':
    resolution: {integrity: sha512-YNlnKRWF2sVojTpIyzwou9XoTNbzbzONwRhOoniEioF1AtaitTvVZblaQRrAzChWQ1bLYyYSWzM18y4WwgzJ+A==}

  '@types/estree@1.0.5':
    resolution: {integrity: sha512-/kYRxGDLWzHOB7q+wtSUQlFrtcdUccpfy+X+9iMBpHK8QLLhx2wIPYuS5DYtR9Wa/YlZAbIovy7qVdB1Aq6Lyw==}

  '@types/node@20.14.12':
    resolution: {integrity: sha512-r7wNXakLeSsGT0H1AU863vS2wa5wBOK4bWMjZz2wj+8nBx+m5PeIn0k8AloSLpRuiwdRQZwarZqHE4FNArPuJQ==}

  '@types/prop-types@15.7.12':
    resolution: {integrity: sha512-5zvhXYtRNRluoE/jAp4GVsSduVUzNWKkOZrCDBWYtE7biZywwdC2AcEzg+cSMLFRfVgeAFqpfNabiPjxFddV1Q==}

  '@types/react-dom@18.3.0':
    resolution: {integrity: sha512-EhwApuTmMBmXuFOikhQLIBUn6uFg81SwLMOAUgodJF14SOBOCMdU04gDoYi0WOJJHD144TL32z4yDqCW3dnkQg==}

  '@types/react@18.3.3':
    resolution: {integrity: sha512-hti/R0pS0q1/xx+TsI73XIqk26eBsISZ2R0wUijXIngRK9R/e7Xw/cXVxQK7R5JjW+SV4zGcn5hXjudkN/pLIw==}

  caniuse-lite@1.0.30001643:
    resolution: {integrity: sha512-ERgWGNleEilSrHM6iUz/zJNSQTP8Mr21wDWpdgvRwcTXGAq6jMtOUPP4dqFPTdKqZ2wKTdtB+uucZ3MRpAUSmg==}

  core-js@3.37.1:
    resolution: {integrity: sha512-Xn6qmxrQZyB0FFY8E3bgRXei3lWDJHhvI+u0q9TKIYM49G8pAr0FgnnrFRAmsbptZL1yxRADVXn+x5AGsbBfyw==}

  csstype@3.1.3:
    resolution: {integrity: sha512-M1uQkMl8rQK/szD0LNhtqxIPLpimGm8sOBwU7lLnCpSbTyY3yeU1Vc7l4KT5zT4s/yOxHH5O7tIuuLOCnLADRw==}

  error-stack-parser@2.1.4:
    resolution: {integrity: sha512-Sk5V6wVazPhq5MhpO+AUxJn5x7XSXGl1R93Vn7i+zS15KDVxQijejNCrz8340/2bgLBjR9GtEG8ZVKONDjcqGQ==}

  esbuild@0.21.5:
    resolution: {integrity: sha512-mg3OPMV4hXywwpoDxu3Qda5xCKQi+vCTZq8S9J/EpkhB2HzKXq4SNFZE3+NK93JYxc8VMSep+lOUSC/RVKaBqw==}
    engines: {node: '>=12'}
    hasBin: true

  esbuild@0.23.0:
    resolution: {integrity: sha512-1lvV17H2bMYda/WaFb2jLPeHU3zml2k4/yagNMG8Q/YtfMjCwEUZa2eXXMgZTVSL5q1n4H7sQ0X6CdJDqqeCFA==}
    engines: {node: '>=18'}
    hasBin: true

  fsevents@2.3.3:
    resolution: {integrity: sha512-5xoDfX+fL7faATnagmWPpbFtwh/R77WmMMqqHGS65C3vvB0YHrgF+B1YmZ3441tMj5n63k0212XNoJwzlhffQw==}
    engines: {node: ^8.16.0 || ^10.6.0 || >=11.0.0}
    os: [darwin]

  html-entities@2.5.2:
    resolution: {integrity: sha512-K//PSRMQk4FZ78Kyau+mZurHn3FH0Vwr+H36eE0rPbeYkRRi9YxceYPhuN60UwWorxyKHhqoAJl2OFKa4BVtaA==}

  nanoid@3.3.7:
    resolution: {integrity: sha512-eSRppjcPIatRIMC1U6UngP8XFcz8MQWGQdt1MTBQ7NaAmvXDfvNxbvWV3x2y6CdEUciCSsDHDQZbhYaB8QEo2g==}
    engines: {node: ^10 || ^12 || ^13.7 || ^14 || >=15.0.1}
    hasBin: true

  picocolors@1.0.1:
    resolution: {integrity: sha512-anP1Z8qwhkbmu7MFP5iTt+wQKXgwzf7zTyGlcdzabySa9vd0Xt392U0rVmz9poOaBj0uHJKyyo9/upk0HrEQew==}

  postcss@8.4.40:
    resolution: {integrity: sha512-YF2kKIUzAofPMpfH6hOi2cGnv/HrUlfucspc7pDyvv7kGdqXrfj8SCl/t8owkEgKEuu8ZcRjSOxFxVLqwChZ2Q==}
    engines: {node: ^10 || ^12 || >=14}

  react-dom@19.0.0-rc-14a4699f-20240725:
    resolution: {integrity: sha512-KSkYfNQRXFwuYoXIhLygkILo1NFSU4xkjUnjMzXuo2oyuyJMYQwx/i/EOGBHE+N/3KumG9T6a9xKwR/AMov+yQ==}
    peerDependencies:
      react: 19.0.0-rc-14a4699f-20240725

  react-refresh@0.14.2:
    resolution: {integrity: sha512-jCvmsr+1IUSMUyzOkRcvnVbX3ZYC6g9TDrDbFuFmRDq7PD4yaGbLKNQL6k2jnArV8hjYxh7hVhAZB6s9HDGpZA==}
    engines: {node: '>=0.10.0'}

  react@19.0.0-rc-14a4699f-20240725:
    resolution: {integrity: sha512-aQjMEsPBkRyzy3j5N8b2enjZmBNfidooV8cs0GyymL5uZRLZbXXyHWRJTKrdIjgRKIhzR73DoZYrAYP+/wT1Qw==}
    engines: {node: '>=0.10.0'}

  rollup@4.19.0:
    resolution: {integrity: sha512-5r7EYSQIowHsK4eTZ0Y81qpZuJz+MUuYeqmmYmRMl1nwhdmbiYqt5jwzf6u7wyOzJgYqtCRMtVRKOtHANBz7rA==}
    engines: {node: '>=18.0.0', npm: '>=8.0.0'}
    hasBin: true

  scheduler@0.25.0-rc-14a4699f-20240725:
    resolution: {integrity: sha512-wDsJQOyw+9SeWUqfeaPiJsWmP68G0OrMeOLkV5Uh6LnBW4usDrHyYhIQuj7nd+UUqF3ejbxU25ubT9+R1sIlCw==}

  source-map-js@1.2.0:
    resolution: {integrity: sha512-itJW8lvSA0TXEphiRoawsCksnlf8SyvmFzIhltqAHluXd88pkCd+cXJVHTDwdCr0IzwptSm035IHQktUu1QUMg==}
    engines: {node: '>=0.10.0'}

  stackframe@1.3.4:
    resolution: {integrity: sha512-oeVtt7eWQS+Na6F//S4kJ2K2VbRlS9D43mAlMyVpVWovy9o+jfgH8O9agzANzaiLjclA0oYzUXEM4PurhSUChw==}

  tslib@2.6.3:
    resolution: {integrity: sha512-xNvxJEOUiWPGhUuUdQgAJPKOOJfGnIyKySOc09XkKsgdUV/3E2zvwZYdejjmRgPCgcym1juLH3226yA7sEFJKQ==}

  undici-types@5.26.5:
    resolution: {integrity: sha512-JlCMO+ehdEIKqlFxk6IfVoAUVmgz7cU7zD/h9XZ0qzeosSHmUJVOzSQvvYSYWXkFXC+IfLKSIffhv0sVZup6pA==}

  vite@5.3.5:
    resolution: {integrity: sha512-MdjglKR6AQXQb9JGiS7Rc2wC6uMjcm7Go/NHNO63EwiJXfuk9PgqiP/n5IDJCziMkfw9n4Ubp7lttNwz+8ZVKA==}
    engines: {node: ^18.0.0 || >=20.0.0}
    hasBin: true
    peerDependencies:
      '@types/node': ^18.0.0 || >=20.0.0
      less: '*'
      lightningcss: ^1.21.0
      sass: '*'
      stylus: '*'
      sugarss: '*'
      terser: ^5.4.0
    peerDependenciesMeta:
      '@types/node':
        optional: true
      less:
        optional: true
      lightningcss:
        optional: true
      sass:
        optional: true
      stylus:
        optional: true
      sugarss:
        optional: true
      terser:
        optional: true

snapshots:

  '@esbuild/aix-ppc64@0.21.5':
    optional: true

  '@esbuild/aix-ppc64@0.23.0':
    optional: true

  '@esbuild/android-arm64@0.21.5':
    optional: true

  '@esbuild/android-arm64@0.23.0':
    optional: true

  '@esbuild/android-arm@0.21.5':
    optional: true

  '@esbuild/android-arm@0.23.0':
    optional: true

  '@esbuild/android-x64@0.21.5':
    optional: true

  '@esbuild/android-x64@0.23.0':
    optional: true

  '@esbuild/darwin-arm64@0.21.5':
    optional: true

  '@esbuild/darwin-arm64@0.23.0':
    optional: true

  '@esbuild/darwin-x64@0.21.5':
    optional: true

  '@esbuild/darwin-x64@0.23.0':
    optional: true

  '@esbuild/freebsd-arm64@0.21.5':
    optional: true

  '@esbuild/freebsd-arm64@0.23.0':
    optional: true

  '@esbuild/freebsd-x64@0.21.5':
    optional: true

  '@esbuild/freebsd-x64@0.23.0':
    optional: true

  '@esbuild/linux-arm64@0.21.5':
    optional: true

  '@esbuild/linux-arm64@0.23.0':
    optional: true

  '@esbuild/linux-arm@0.21.5':
    optional: true

  '@esbuild/linux-arm@0.23.0':
    optional: true

  '@esbuild/linux-ia32@0.21.5':
    optional: true

  '@esbuild/linux-ia32@0.23.0':
    optional: true

  '@esbuild/linux-loong64@0.21.5':
    optional: true

  '@esbuild/linux-loong64@0.23.0':
    optional: true

  '@esbuild/linux-mips64el@0.21.5':
    optional: true

  '@esbuild/linux-mips64el@0.23.0':
    optional: true

  '@esbuild/linux-ppc64@0.21.5':
    optional: true

  '@esbuild/linux-ppc64@0.23.0':
    optional: true

  '@esbuild/linux-riscv64@0.21.5':
    optional: true

  '@esbuild/linux-riscv64@0.23.0':
    optional: true

  '@esbuild/linux-s390x@0.21.5':
    optional: true

  '@esbuild/linux-s390x@0.23.0':
    optional: true

  '@esbuild/linux-x64@0.21.5':
    optional: true

  '@esbuild/linux-x64@0.23.0':
    optional: true

  '@esbuild/netbsd-x64@0.21.5':
    optional: true

  '@esbuild/netbsd-x64@0.23.0':
    optional: true

  '@esbuild/openbsd-arm64@0.23.0':
    optional: true

  '@esbuild/openbsd-x64@0.21.5':
    optional: true

  '@esbuild/openbsd-x64@0.23.0':
    optional: true

  '@esbuild/sunos-x64@0.21.5':
    optional: true

  '@esbuild/sunos-x64@0.23.0':
    optional: true

  '@esbuild/win32-arm64@0.21.5':
    optional: true

  '@esbuild/win32-arm64@0.23.0':
    optional: true

  '@esbuild/win32-ia32@0.21.5':
    optional: true

  '@esbuild/win32-ia32@0.23.0':
    optional: true

  '@esbuild/win32-x64@0.21.5':
    optional: true

  '@esbuild/win32-x64@0.23.0':
    optional: true

  '@hiogawa/utils-node@0.0.2': {}

  '@hiogawa/utils@1.7.0': {}

  '@module-federation/runtime-tools@0.2.3':
    dependencies:
      '@module-federation/runtime': 0.2.3
      '@module-federation/webpack-bundler-runtime': 0.2.3

  '@module-federation/runtime@0.2.3':
    dependencies:
      '@module-federation/sdk': 0.2.3

  '@module-federation/sdk@0.2.3': {}

  '@module-federation/webpack-bundler-runtime@0.2.3':
    dependencies:
      '@module-federation/runtime': 0.2.3
      '@module-federation/sdk': 0.2.3

  '@rollup/rollup-android-arm-eabi@4.19.0':
    optional: true

  '@rollup/rollup-android-arm64@4.19.0':
    optional: true

  '@rollup/rollup-darwin-arm64@4.19.0':
    optional: true

  '@rollup/rollup-darwin-x64@4.19.0':
    optional: true

  '@rollup/rollup-linux-arm-gnueabihf@4.19.0':
    optional: true

  '@rollup/rollup-linux-arm-musleabihf@4.19.0':
    optional: true

  '@rollup/rollup-linux-arm64-gnu@4.19.0':
    optional: true

  '@rollup/rollup-linux-arm64-musl@4.19.0':
    optional: true

  '@rollup/rollup-linux-powerpc64le-gnu@4.19.0':
    optional: true

  '@rollup/rollup-linux-riscv64-gnu@4.19.0':
    optional: true

  '@rollup/rollup-linux-s390x-gnu@4.19.0':
    optional: true

  '@rollup/rollup-linux-x64-gnu@4.19.0':
    optional: true

  '@rollup/rollup-linux-x64-musl@4.19.0':
    optional: true

  '@rollup/rollup-win32-arm64-msvc@4.19.0':
    optional: true

  '@rollup/rollup-win32-ia32-msvc@4.19.0':
    optional: true

  '@rollup/rollup-win32-x64-msvc@4.19.0':
    optional: true

  '@rsbuild/core@1.0.1-beta.5':
    dependencies:
      '@rspack/core': 1.0.0-alpha.5(@swc/helpers@0.5.11)
      '@rspack/lite-tapable': 1.0.0-alpha.5
      '@swc/helpers': 0.5.11
      caniuse-lite: 1.0.30001643
      core-js: 3.37.1
      postcss: 8.4.40
    optionalDependencies:
      fsevents: 2.3.3

  '@rsbuild/plugin-react@1.0.1-beta.5(@rsbuild/core@1.0.1-beta.5)':
    dependencies:
      '@rsbuild/core': 1.0.1-beta.5
      '@rspack/plugin-react-refresh': 1.0.0-alpha.5(react-refresh@0.14.2)
      react-refresh: 0.14.2

  '@rspack/binding-darwin-arm64@1.0.0-alpha.5':
    optional: true

  '@rspack/binding-darwin-x64@1.0.0-alpha.5':
    optional: true

  '@rspack/binding-linux-arm64-gnu@1.0.0-alpha.5':
    optional: true

  '@rspack/binding-linux-arm64-musl@1.0.0-alpha.5':
    optional: true

  '@rspack/binding-linux-x64-gnu@1.0.0-alpha.5':
    optional: true

  '@rspack/binding-linux-x64-musl@1.0.0-alpha.5':
    optional: true

  '@rspack/binding-win32-arm64-msvc@1.0.0-alpha.5':
    optional: true

  '@rspack/binding-win32-ia32-msvc@1.0.0-alpha.5':
    optional: true

  '@rspack/binding-win32-x64-msvc@1.0.0-alpha.5':
    optional: true

  '@rspack/binding@1.0.0-alpha.5':
    optionalDependencies:
      '@rspack/binding-darwin-arm64': 1.0.0-alpha.5
      '@rspack/binding-darwin-x64': 1.0.0-alpha.5
      '@rspack/binding-linux-arm64-gnu': 1.0.0-alpha.5
      '@rspack/binding-linux-arm64-musl': 1.0.0-alpha.5
      '@rspack/binding-linux-x64-gnu': 1.0.0-alpha.5
      '@rspack/binding-linux-x64-musl': 1.0.0-alpha.5
      '@rspack/binding-win32-arm64-msvc': 1.0.0-alpha.5
      '@rspack/binding-win32-ia32-msvc': 1.0.0-alpha.5
      '@rspack/binding-win32-x64-msvc': 1.0.0-alpha.5

  '@rspack/core@1.0.0-alpha.5(@swc/helpers@0.5.11)':
    dependencies:
      '@module-federation/runtime-tools': 0.2.3
      '@rspack/binding': 1.0.0-alpha.5
      '@rspack/lite-tapable': 1.0.0-alpha.5
      caniuse-lite: 1.0.30001643
    optionalDependencies:
      '@swc/helpers': 0.5.11

  '@rspack/lite-tapable@1.0.0-alpha.5': {}

  '@rspack/plugin-react-refresh@1.0.0-alpha.5(react-refresh@0.14.2)':
    dependencies:
      error-stack-parser: 2.1.4
      html-entities: 2.5.2
    optionalDependencies:
      react-refresh: 0.14.2

  '@swc/helpers@0.5.11':
    dependencies:
      tslib: 2.6.3

  '@types/estree@1.0.5': {}

  '@types/node@20.14.12':
    dependencies:
      undici-types: 5.26.5

  '@types/prop-types@15.7.12': {}

  '@types/react-dom@18.3.0':
    dependencies:
      '@types/react': 18.3.3

  '@types/react@18.3.3':
    dependencies:
      '@types/prop-types': 15.7.12
      csstype: 3.1.3

  caniuse-lite@1.0.30001643: {}

  core-js@3.37.1: {}

  csstype@3.1.3: {}

  error-stack-parser@2.1.4:
    dependencies:
      stackframe: 1.3.4

  esbuild@0.21.5:
    optionalDependencies:
      '@esbuild/aix-ppc64': 0.21.5
      '@esbuild/android-arm': 0.21.5
      '@esbuild/android-arm64': 0.21.5
      '@esbuild/android-x64': 0.21.5
      '@esbuild/darwin-arm64': 0.21.5
      '@esbuild/darwin-x64': 0.21.5
      '@esbuild/freebsd-arm64': 0.21.5
      '@esbuild/freebsd-x64': 0.21.5
      '@esbuild/linux-arm': 0.21.5
      '@esbuild/linux-arm64': 0.21.5
      '@esbuild/linux-ia32': 0.21.5
      '@esbuild/linux-loong64': 0.21.5
      '@esbuild/linux-mips64el': 0.21.5
      '@esbuild/linux-ppc64': 0.21.5
      '@esbuild/linux-riscv64': 0.21.5
      '@esbuild/linux-s390x': 0.21.5
      '@esbuild/linux-x64': 0.21.5
      '@esbuild/netbsd-x64': 0.21.5
      '@esbuild/openbsd-x64': 0.21.5
      '@esbuild/sunos-x64': 0.21.5
      '@esbuild/win32-arm64': 0.21.5
      '@esbuild/win32-ia32': 0.21.5
      '@esbuild/win32-x64': 0.21.5

  esbuild@0.23.0:
    optionalDependencies:
      '@esbuild/aix-ppc64': 0.23.0
      '@esbuild/android-arm': 0.23.0
      '@esbuild/android-arm64': 0.23.0
      '@esbuild/android-x64': 0.23.0
      '@esbuild/darwin-arm64': 0.23.0
      '@esbuild/darwin-x64': 0.23.0
      '@esbuild/freebsd-arm64': 0.23.0
      '@esbuild/freebsd-x64': 0.23.0
      '@esbuild/linux-arm': 0.23.0
      '@esbuild/linux-arm64': 0.23.0
      '@esbuild/linux-ia32': 0.23.0
      '@esbuild/linux-loong64': 0.23.0
      '@esbuild/linux-mips64el': 0.23.0
      '@esbuild/linux-ppc64': 0.23.0
      '@esbuild/linux-riscv64': 0.23.0
      '@esbuild/linux-s390x': 0.23.0
      '@esbuild/linux-x64': 0.23.0
      '@esbuild/netbsd-x64': 0.23.0
      '@esbuild/openbsd-arm64': 0.23.0
      '@esbuild/openbsd-x64': 0.23.0
      '@esbuild/sunos-x64': 0.23.0
      '@esbuild/win32-arm64': 0.23.0
      '@esbuild/win32-ia32': 0.23.0
      '@esbuild/win32-x64': 0.23.0

  fsevents@2.3.3:
    optional: true

  html-entities@2.5.2: {}

  nanoid@3.3.7: {}

  picocolors@1.0.1: {}

  postcss@8.4.40:
    dependencies:
      nanoid: 3.3.7
      picocolors: 1.0.1
      source-map-js: 1.2.0

  react-dom@19.0.0-rc-14a4699f-20240725(react@19.0.0-rc-14a4699f-20240725):
    dependencies:
      react: 19.0.0-rc-14a4699f-20240725
      scheduler: 0.25.0-rc-14a4699f-20240725

  react-refresh@0.14.2: {}

  react@19.0.0-rc-14a4699f-20240725: {}

  rollup@4.19.0:
    dependencies:
      '@types/estree': 1.0.5
    optionalDependencies:
      '@rollup/rollup-android-arm-eabi': 4.19.0
      '@rollup/rollup-android-arm64': 4.19.0
      '@rollup/rollup-darwin-arm64': 4.19.0
      '@rollup/rollup-darwin-x64': 4.19.0
      '@rollup/rollup-linux-arm-gnueabihf': 4.19.0
      '@rollup/rollup-linux-arm-musleabihf': 4.19.0
      '@rollup/rollup-linux-arm64-gnu': 4.19.0
      '@rollup/rollup-linux-arm64-musl': 4.19.0
      '@rollup/rollup-linux-powerpc64le-gnu': 4.19.0
      '@rollup/rollup-linux-riscv64-gnu': 4.19.0
      '@rollup/rollup-linux-s390x-gnu': 4.19.0
      '@rollup/rollup-linux-x64-gnu': 4.19.0
      '@rollup/rollup-linux-x64-musl': 4.19.0
      '@rollup/rollup-win32-arm64-msvc': 4.19.0
      '@rollup/rollup-win32-ia32-msvc': 4.19.0
      '@rollup/rollup-win32-x64-msvc': 4.19.0
      fsevents: 2.3.3

  scheduler@0.25.0-rc-14a4699f-20240725: {}

  source-map-js@1.2.0: {}

  stackframe@1.3.4: {}

  tslib@2.6.3: {}

  undici-types@5.26.5: {}

  vite@5.3.5(@types/node@20.14.12):
    dependencies:
      esbuild: 0.21.5
      postcss: 8.4.40
      rollup: 4.19.0
    optionalDependencies:
      '@types/node': 20.14.12
      fsevents: 2.3.3
